
Microsoft Visual Studio Solution File, Format Version 12.00
# Visual Studio Version 16
VisualStudioVersion = 16.0.30804.86
MinimumVisualStudioVersion = 10.0.40219.1
Project("{FAE04EC0-301F-11D3-BF4B-00C04F79EFBC}") = "TaggedNotes", "TaggedNotes\TaggedNotes.csproj", "{9FC15AD8-10AF-4370-B3B1-FE363F68BA1A}"
EndProject
Project("{FAE04EC0-301F-11D3-BF4B-00C04F79EFBC}") = "TaggedNotes.Interfaces", "TaggedNotes.Interfaces\TaggedNotes.Interfaces.csproj", "{AA975727-96C0-4198-B3D0-7C4C537E6FBA}"
EndProject
Project("{FAE04EC0-301F-11D3-BF4B-00C04F79EFBC}") = "TaggedNotes.View", "TaggedNotes.View\TaggedNotes.View.csproj", "{B211B6CD-73F7-4FCC-A9BD-D2913A9C8C43}"
EndProject
Global
	GlobalSection(SolutionConfigurationPlatforms) = preSolution
		Debug|Any CPU = Debug|Any CPU
		Release|Any CPU = Release|Any CPU
	EndGlobalSection
	GlobalSection(ProjectConfigurationPlatforms) = postSolution
		{9FC15AD8-10AF-4370-B3B1-FE363F68BA1A}.Debug|Any CPU.ActiveCfg = Debug|Any CPU
		{9FC15AD8-10AF-4370-B3B1-FE363F68BA1A}.Debug|Any CPU.Build.0 = Debug|Any CPU
		{9FC15AD8-10AF-4370-B3B1-FE363F68BA1A}.Release|Any CPU.ActiveCfg = Release|Any CPU
		{9FC15AD8-10AF-4370-B3B1-FE363F68BA1A}.Release|Any CPU.Build.0 = Release|Any CPU
		{AA975727-96C0-4198-B3D0-7C4C537E6FBA}.Debug|Any CPU.ActiveCfg = Debug|Any CPU
		{AA975727-96C0-4198-B3D0-7C4C537E6FBA}.Debug|Any CPU.Build.0 = Debug|Any CPU
		{AA975727-96C0-4198-B3D0-7C4C537E6FBA}.Release|Any CPU.ActiveCfg = Release|Any CPU
		{AA975727-96C0-4198-B3D0-7C4C537E6FBA}.Release|Any CPU.Build.0 = Release|Any CPU
		{B211B6CD-73F7-4FCC-A9BD-D2913A9C8C43}.Debug|Any CPU.ActiveCfg = Debug|Any CPU
		{B211B6CD-73F7-4FCC-A9BD-D2913A9C8C43}.Debug|Any CPU.Build.0 = Debug|Any CPU
		{B211B6CD-73F7-4FCC-A9BD-D2913A9C8C43}.Release|Any CPU.ActiveCfg = Release|Any CPU
		{B211B6CD-73F7-4FCC-A9BD-D2913A9C8C43}.Release|Any CPU.Build.0 = Release|Any CPU
	EndGlobalSection
	GlobalSection(SolutionProperties) = preSolution
		HideSolutionNode = FALSE
	EndGlobalSection
	GlobalSection(ExtensibilityGlobals) = postSolution
		SolutionGuid = {664D51F6-1E35-4797-931A-E7EA9E6D62B7}
	EndGlobalSection
EndGlobal
